
Microsoft Visual Studio Solution File, Format Version 12.00
# Visual Studio Version 16
VisualStudioVersion = 16.0.29509.3
MinimumVisualStudioVersion = 10.0.40219.1
Project("{FAE04EC0-301F-11D3-BF4B-00C04F79EFBC}") = "PedestrianSensingRadar", "PedestrianSensingRadar\PedestrianSensingRadar.csproj", "{9EB9B8B5-F943-4E6B-999C-4E3E994DFAFB}"
EndProject
Global
	GlobalSection(SolutionConfigurationPlatforms) = preSolution
		Debug|Any CPU = Debug|Any CPU
		Release|Any CPU = Release|Any CPU
	EndGlobalSection
	GlobalSection(ProjectConfigurationPlatforms) = postSolution
		{9EB9B8B5-F943-4E6B-999C-4E3E994DFAFB}.Debug|Any CPU.ActiveCfg = Debug|Any CPU
		{9EB9B8B5-F943-4E6B-999C-4E3E994DFAFB}.Debug|Any CPU.Build.0 = Debug|Any CPU
		{9EB9B8B5-F943-4E6B-999C-4E3E994DFAFB}.Release|Any CPU.ActiveCfg = Release|Any CPU
		{9EB9B8B5-F943-4E6B-999C-4E3E994DFAFB}.Release|Any CPU.Build.0 = Release|Any CPU
	EndGlobalSection
	GlobalSection(SolutionProperties) = preSolution
		HideSolutionNode = FALSE
	EndGlobalSection
	GlobalSection(ExtensibilityGlobals) = postSolution
		SolutionGuid = {F718AC31-DAFC-4A0B-B49A-ADA132EE4FAD}
	EndGlobalSection
EndGlobal
